Microsoft Visual Studio Solution File, Format Version 11.00
# Visual Studio 2008

Project("{26A7305D-8FC2-8B16-743E-1C0928F326A7}") = "UnityGame1", "Assembly-CSharp-vs.csproj", "{A907542E-CF16-419D-B8E2-2A51EEE72E56}"
EndProject
Project("{26A7305D-8FC2-8B16-743E-1C0928F326A7}") = "UnityGame1", "Assembly-CSharp-Editor-vs.csproj", "{CF625E67-2DE5-EF4C-0DE8-8A8BA26DC6BE}"
EndProject
Global
	GlobalSection(SolutionConfigurationPlatforms) = preSolution
		Debug|Any CPU = Debug|Any CPU
		Release|Any CPU = Release|Any CPU
	EndGlobalSection
	GlobalSection(ProjectConfigurationPlatforms) = postSolution
		{A907542E-CF16-419D-B8E2-2A51EEE72E56}.Debug|Any CPU.ActiveCfg = Debug|Any CPU
		{A907542E-CF16-419D-B8E2-2A51EEE72E56}.Debug|Any CPU.Build.0 = Debug|Any CPU
		{A907542E-CF16-419D-B8E2-2A51EEE72E56}.Release|Any CPU.ActiveCfg = Release|Any CPU
		{A907542E-CF16-419D-B8E2-2A51EEE72E56}.Release|Any CPU.Build.0 = Release|Any CPU
		{CF625E67-2DE5-EF4C-0DE8-8A8BA26DC6BE}.Debug|Any CPU.ActiveCfg = Debug|Any CPU
		{CF625E67-2DE5-EF4C-0DE8-8A8BA26DC6BE}.Debug|Any CPU.Build.0 = Debug|Any CPU
		{CF625E67-2DE5-EF4C-0DE8-8A8BA26DC6BE}.Release|Any CPU.ActiveCfg = Release|Any CPU
		{CF625E67-2DE5-EF4C-0DE8-8A8BA26DC6BE}.Release|Any CPU.Build.0 = Release|Any CPU
	EndGlobalSection
	GlobalSection(SolutionProperties) = preSolution
		HideSolutionNode = FALSE
	EndGlobalSection
												GlobalSection(MonoDevelopProperties) = preSolution
		StartupItem = Assembly-CSharp.csproj
		Policies = $0
		$0.TextStylePolicy = $1
		$1.inheritsSet = null
		$1.scope = text/x-csharp
		$0.CSharpFormattingPolicy = $2
		$2.inheritsSet = Mono
		$2.inheritsScope = text/x-csharp
		$2.scope = text/x-csharp
		$0.TextStylePolicy = $3
		$3.FileWidth = 120
		$3.TabWidth = 4
		$3.EolMarker = Unix
		$3.inheritsSet = Mono
		$3.inheritsScope = text/plain
		$3.scope = text/plain
	EndGlobalSection

EndGlobal
